// !$*UTF8*$!
{
	archiveVersion = 1;
	classes = {
	};
	objectVersion = 46;
	objects = {

/* Begin PBXBuildFile section */
		FC773A3E1BB38F91006BAA9C /* SVIndefiniteAnimatedView.m in Sources */ = {isa = PBXBuildFile; fileRef = FC773A3A1BB38F91006BAA9C /* SVIndefiniteAnimatedView.m */; };
		FC773A3F1BB38F91006BAA9C /* SVProgressHUD.bundle in Resources */ = {isa = PBXBuildFile; fileRef = FC773A3B1BB38F91006BAA9C /* SVProgressHUD.bundle */; };
		FC773A401BB38F91006BAA9C /* SVProgressHUD.m in Sources */ = {isa = PBXBuildFile; fileRef = FC773A3D1BB38F91006BAA9C /* SVProgressHUD.m */; };
		FC773A431BB396DE006BAA9C /* NSData+DLExtension.m in Sources */ = {isa = PBXBuildFile; fileRef = FC773A421BB396DE006BAA9C /* NSData+DLExtension.m */; };
		FC813DCA1BB3808D00C23A83 /* main.m in Sources */ = {isa = PBXBuildFile; fileRef = FC813DC91BB3808D00C23A83 /* main.m */; };
		FC813DCD1BB3808D00C23A83 /* AppDelegate.m in Sources */ = {isa = PBXBuildFile; fileRef = FC813DCC1BB3808D00C23A83 /* AppDelegate.m */; };
		FC813DD01BB3808D00C23A83 /* ViewController.m in Sources */ = {isa = PBXBuildFile; fileRef = FC813DCF1BB3808D00C23A83 /* ViewController.m */; };
		FC813DD31BB3808D00C23A83 /* Main.storyboard in Resources */ = {isa = PBXBuildFile; fileRef = FC813DD11BB3808D00C23A83 /* Main.storyboard */; };
		FC813DD51BB3808D00C23A83 /* Images.xcassets in Resources */ = {isa = PBXBuildFile; fileRef = FC813DD41BB3808D00C23A83 /* Images.xcassets */; };
		FC813DD81BB3808D00C23A83 /* LaunchScreen.xib in Resources */ = {isa = PBXBuildFile; fileRef = FC813DD61BB3808D00C23A83 /* LaunchScreen.xib */; };
		FC813DE41BB3808D00C23A83 /* IAPTests.m in Sources */ = {isa = PBXBuildFile; fileRef = FC813DE31BB3808D00C23A83 /* IAPTests.m */; };
		FC813DEE1BB381D500C23A83 /* money.png in Resources */ = {isa = PBXBuildFile; fileRef = FC813DED1BB381D500C23A83 /* money.png */; };
		FC813DF01BB385A600C23A83 /* StoreKit.framework in Frameworks */ = {isa = PBXBuildFile; fileRef = FC813DEF1BB385A600C23A83 /* StoreKit.framework */; };
/* End PBXBuildFile section */

/* Begin PBXContainerItemProxy section */
		FC813DDE1BB3808D00C23A83 /* PBXContainerItemProxy */ = {
			isa = PBXContainerItemProxy;
			containerPortal = FC813DBC1BB3808D00C23A83 /* Project object */;
			proxyType = 1;
			remoteGlobalIDString = FC813DC31BB3808D00C23A83;
			remoteInfo = IAP;
		};
/* End PBXContainerItemProxy section */

/* Begin PBXFileReference section */
		FC773A391BB38F91006BAA9C /* SVIndefiniteAnimatedView.h */ = {isa = PBXFileReference; fileEncoding = 4; lastKnownFileType = sourcecode.c.h; path = SVIndefiniteAnimatedView.h; sourceTree = "<group>"; };
		FC773A3A1BB38F91006BAA9C /* SVIndefiniteAnimatedView.m */ = {isa = PBXFileReference; fileEncoding = 4; lastKnownFileType = sourcecode.c.objc; path = SVIndefiniteAnimatedView.m; sourceTree = "<group>"; };
		FC773A3B1BB38F91006BAA9C /* SVProgressHUD.bundle */ = {isa = PBXFileReference; lastKnownFileType = "wrapper.plug-in"; path = SVProgressHUD.bundle; sourceTree = "<group>"; };
		FC773A3C1BB38F91006BAA9C /* SVProgressHUD.h */ = {isa = PBXFileReference; fileEncoding = 4; lastKnownFileType = sourcecode.c.h; path = SVProgressHUD.h; sourceTree = "<group>"; };
		FC773A3D1BB38F91006BAA9C /* SVProgressHUD.m */ = {isa = PBXFileReference; fileEncoding = 4; lastKnownFileType = sourcecode.c.objc; path = SVProgressHUD.m; sourceTree = "<group>"; };
		FC773A411BB396DE006BAA9C /* NSData+DLExtension.h */ = {isa = PBXFileReference; fileEncoding = 4; lastKnownFileType = sourcecode.c.h; path = "NSData+DLExtension.h"; sourceTree = "<group>"; };
		FC773A421BB396DE006BAA9C /* NSData+DLExtension.m */ = {isa = PBXFileReference; fileEncoding = 4; lastKnownFileType = sourcecode.c.objc; path = "NSData+DLExtension.m"; sourceTree = "<group>"; };
		FC813DC41BB3808D00C23A83 /* IAP.app */ = {isa = PBXFileReference; explicitFileType = wrapper.application; includeInIndex = 0; path = IAP.app; sourceTree = BUILT_PRODUCTS_DIR; };
		FC813DC81BB3808D00C23A83 /* Info.plist */ = {isa = PBXFileReference; lastKnownFileType = text.plist.xml; path = Info.plist; sourceTree = "<group>"; };
		FC813DC91BB3808D00C23A83 /* main.m */ = {isa = PBXFileReference; lastKnownFileType = sourcecode.c.objc; path = main.m; sourceTree = "<group>"; };
		FC813DCB1BB3808D00C23A83 /* AppDelegate.h */ = {isa = PBXFileReference; lastKnownFileType = sourcecode.c.h; path = AppDelegate.h; sourceTree = "<group>"; };
		FC813DCC1BB3808D00C23A83 /* AppDelegate.m */ = {isa = PBXFileReference; lastKnownFileType = sourcecode.c.objc; path = AppDelegate.m; sourceTree = "<group>"; };
		FC813DCE1BB3808D00C23A83 /* ViewController.h */ = {isa = PBXFileReference; lastKnownFileType = sourcecode.c.h; path = ViewController.h; sourceTree = "<group>"; };
		FC813DCF1BB3808D00C23A83 /* ViewController.m */ = {isa = PBXFileReference; lastKnownFileType = sourcecode.c.objc; path = ViewController.m; sourceTree = "<group>"; };
		FC813DD21BB3808D00C23A83 /* Base */ = {isa = PBXFileReference; lastKnownFileType = file.storyboard; name = Base; path = Base.lproj/Main.storyboard; sourceTree = "<group>"; };
		FC813DD41BB3808D00C23A83 /* Images.xcassets */ = {isa = PBXFileReference; lastKnownFileType = folder.assetcatalog; path = Images.xcassets; sourceTree = "<group>"; };
		FC813DD71BB3808D00C23A83 /* Base */ = {isa = PBXFileReference; lastKnownFileType = file.xib; name = Base; path = Base.lproj/LaunchScreen.xib; sourceTree = "<group>"; };
		FC813DDD1BB3808D00C23A83 /* IAPTests.xctest */ = {isa = PBXFileReference; explicitFileType = wrapper.cfbundle; includeInIndex = 0; path = IAPTests.xctest; sourceTree = BUILT_PRODUCTS_DIR; };
		FC813DE21BB3808D00C23A83 /* Info.plist */ = {isa = PBXFileReference; lastKnownFileType = text.plist.xml; path = Info.plist; sourceTree = "<group>"; };
		FC813DE31BB3808D00C23A83 /* IAPTests.m */ = {isa = PBXFileReference; lastKnownFileType = sourcecode.c.objc; path = IAPTests.m; sourceTree = "<group>"; };
		FC813DED1BB381D500C23A83 /* money.png */ = {isa = PBXFileReference; lastKnownFileType = image.png; path = money.png; sourceTree = "<group>"; };
		FC813DEF1BB385A600C23A83 /* StoreKit.framework */ = {isa = PBXFileReference; lastKnownFileType = wrapper.framework; name = StoreKit.framework; path = System/Library/Frameworks/StoreKit.framework; sourceTree = SDKROOT; };
/* End PBXFileReference section */

/* Begin PBXFrameworksBuildPhase section */
		FC813DC11BB3808D00C23A83 /* Frameworks */ = {
			isa = PBXFrameworksBuildPhase;
			buildActionMask = 2147483647;
			files = (
				FC813DF01BB385A600C23A83 /* StoreKit.framework in Frameworks */,
			);
			runOnlyForDeploymentPostprocessing = 0;
		};
		FC813DDA1BB3808D00C23A83 /* Frameworks */ = {
			isa = PBXFrameworksBuildPhase;
			buildActionMask = 2147483647;
			files = (
			);
			runOnlyForDeploymentPostprocessing = 0;
		};
/* End PBXFrameworksBuildPhase section */

/* Begin PBXGroup section */
		FC773A381BB38F91006BAA9C /* SVProgressHUD */ = {
			isa = PBXGroup;
			children = (
				FC773A391BB38F91006BAA9C /* SVIndefiniteAnimatedView.h */,
				FC773A3A1BB38F91006BAA9C /* SVIndefiniteAnimatedView.m */,
				FC773A3B1BB38F91006BAA9C /* SVProgressHUD.bundle */,
				FC773A3C1BB38F91006BAA9C /* SVProgressHUD.h */,
				FC773A3D1BB38F91006BAA9C /* SVProgressHUD.m */,
			);
			path = SVProgressHUD;
			sourceTree = "<group>";
		};
		FC813DBB1BB3808D00C23A83 = {
			isa = PBXGroup;
			children = (
				FC813DEF1BB385A600C23A83 /* StoreKit.framework */,
				FC813DC61BB3808D00C23A83 /* IAP */,
				FC813DE01BB3808D00C23A83 /* IAPTests */,
				FC813DC51BB3808D00C23A83 /* Products */,
			);
			sourceTree = "<group>";
		};
		FC813DC51BB3808D00C23A83 /* Products */ = {
			isa = PBXGroup;
			children = (
				FC813DC41BB3808D00C23A83 /* IAP.app */,
				FC813DDD1BB3808D00C23A83 /* IAPTests.xctest */,
			);
			name = Products;
			sourceTree = "<group>";
		};
		FC813DC61BB3808D00C23A83 /* IAP */ = {
			isa = PBXGroup;
			children = (
				FC773A411BB396DE006BAA9C /* NSData+DLExtension.h */,
				FC773A421BB396DE006BAA9C /* NSData+DLExtension.m */,
				FC773A381BB38F91006BAA9C /* SVProgressHUD */,
				FC813DED1BB381D500C23A83 /* money.png */,
				FC813DCB1BB3808D00C23A83 /* AppDelegate.h */,
				FC813DCC1BB3808D00C23A83 /* AppDelegate.m */,
				FC813DCE1BB3808D00C23A83 /* ViewController.h */,
				FC813DCF1BB3808D00C23A83 /* ViewController.m */,
				FC813DD11BB3808D00C23A83 /* Main.storyboard */,
				FC813DD41BB3808D00C23A83 /* Images.xcassets */,
				FC813DD61BB3808D00C23A83 /* LaunchScreen.xib */,
				FC813DC71BB3808D00C23A83 /* Supporting Files */,
			);
			path = IAP;
			sourceTree = "<group>";
		};
		FC813DC71BB3808D00C23A83 /* Supporting Files */ = {
			isa = PBXGroup;
			children = (
				FC813DC81BB3808D00C23A83 /* Info.plist */,
				FC813DC91BB3808D00C23A83 /* main.m */,
			);
			name = "Supporting Files";
			sourceTree = "<group>";
		};
		FC813DE01BB3808D00C23A83 /* IAPTests */ = {
			isa = PBXGroup;
			children = (
				FC813DE31BB3808D00C23A83 /* IAPTests.m */,
				FC813DE11BB3808D00C23A83 /* Supporting Files */,
			);
			path = IAPTests;
			sourceTree = "<group>";
		};
		FC813DE11BB3808D00C23A83 /* Supporting Files */ = {
			isa = PBXGroup;
			children = (
				FC813DE21BB3808D00C23A83 /* Info.plist */,
			);
			name = "Supporting Files";
			sourceTree = "<group>";
		};
/* End PBXGroup section */

/* Begin PBXNativeTarget section */
		FC813DC31BB3808D00C23A83 /* IAP */ = {
			isa = PBXNativeTarget;
			buildConfigurationList = FC813DE71BB3808D00C23A83 /* Build configuration list for PBXNativeTarget "IAP" */;
			buildPhases = (
				FC813DC01BB3808D00C23A83 /* Sources */,
				FC813DC11BB3808D00C23A83 /* Frameworks */,
				FC813DC21BB3808D00C23A83 /* Resources */,
			);
			buildRules = (
			);
			dependencies = (
			);
			name = IAP;
			productName = IAP;
			productReference = FC813DC41BB3808D00C23A83 /* IAP.app */;
			productType = "com.apple.product-type.application";
		};
		FC813DDC1BB3808D00C23A83 /* IAPTests */ = {
			isa = PBXNativeTarget;
			buildConfigurationList = FC813DEA1BB3808D00C23A83 /* Build configuration list for PBXNativeTarget "IAPTests" */;
			buildPhases = (
				FC813DD91BB3808D00C23A83 /* Sources */,
				FC813DDA1BB3808D00C23A83 /* Frameworks */,
				FC813DDB1BB3808D00C23A83 /* Resources */,
			);
			buildRules = (
			);
			dependencies = (
				FC813DDF1BB3808D00C23A83 /* PBXTargetDependency */,
			);
			name = IAPTests;
			productName = IAPTests;
			productReference = FC813DDD1BB3808D00C23A83 /* IAPTests.xctest */;
			productType = "com.apple.product-type.bundle.unit-test";
		};
/* End PBXNativeTarget section */

/* Begin PBXProject section */
		FC813DBC1BB3808D00C23A83 /* Project object */ = {
			isa = PBXProject;
			attributes = {
				LastUpgradeCheck = 0640;
				ORGANIZATIONNAME = Dylan;
				TargetAttributes = {
					FC813DC31BB3808D00C23A83 = {
						CreatedOnToolsVersion = 6.4;
					};
					FC813DDC1BB3808D00C23A83 = {
						CreatedOnToolsVersion = 6.4;
						TestTargetID = FC813DC31BB3808D00C23A83;
					};
				};
			};
			buildConfigurationList = FC813DBF1BB3808D00C23A83 /* Build configuration list for PBXProject "IAP" */;
			compatibilityVersion = "Xcode 3.2";
			developmentRegion = English;
			hasScannedForEncodings = 0;
			knownRegions = (
				en,
				Base,
			);
			mainGroup = FC813DBB1BB3808D00C23A83;
			productRefGroup = FC813DC51BB3808D00C23A83 /* Products */;
			projectDirPath = "";
			projectRoot = "";
			targets = (
				FC813DC31BB3808D00C23A83 /* IAP */,
				FC813DDC1BB3808D00C23A83 /* IAPTests */,
			);
		};
/* End PBXProject section */

/* Begin PBXResourcesBuildPhase section */
		FC813DC21BB3808D00C23A83 /* Resources */ = {
			isa = PBXResourcesBuildPhase;
			buildActionMask = 2147483647;
			files = (
				FC773A3F1BB38F91006BAA9C /* SVProgressHUD.bundle in Resources */,
				FC813DEE1BB381D500C23A83 /* money.png in Resources */,
				FC813DD31BB3808D00C23A83 /* Main.storyboard in Resources */,
				FC813DD81BB3808D00C23A83 /* LaunchScreen.xib in Resources */,
				FC813DD51BB3808D00C23A83 /* Images.xcassets in Resources */,
			);
			runOnlyForDeploymentPostprocessing = 0;
		};
		FC813DDB1BB3808D00C23A83 /* Resources */ = {
			isa = PBXResourcesBuildPhase;
			buildActionMask = 2147483647;
			files = (
			);
			runOnlyForDeploymentPostprocessing = 0;
		};
/* End PBXResourcesBuildPhase section */

/* Begin PBXSourcesBuildPhase section */
		FC813DC01BB3808D00C23A83 /* Sources */ = {
			isa = PBXSourcesBuildPhase;
			buildActionMask = 2147483647;
			files = (
				FC773A431BB396DE006BAA9C /* NSData+DLExtension.m in Sources */,
				FC813DD01BB3808D00C23A83 /* ViewController.m in Sources */,
				FC813DCD1BB3808D00C23A83 /* AppDelegate.m in Sources */,
				FC773A401BB38F91006BAA9C /* SVProgressHUD.m in Sources */,
				FC813DCA1BB3808D00C23A83 /* main.m in Sources */,
				FC773A3E1BB38F91006BAA9C /* SVIndefiniteAnimatedView.m in Sources */,
			);
			runOnlyForDeploymentPostprocessing = 0;
		};
		FC813DD91BB3808D00C23A83 /* Sources */ = {
			isa = PBXSourcesBuildPhase;
			buildActionMask = 2147483647;
			files = (
				FC813DE41BB3808D00C23A83 /* IAPTests.m in Sources */,
			);
			runOnlyForDeploymentPostprocessing = 0;
		};
/* End PBXSourcesBuildPhase section */

/* Begin PBXTargetDependency section */
		FC813DDF1BB3808D00C23A83 /* PBXTargetDependency */ = {
			isa = PBXTargetDependency;
			target = FC813DC31BB3808D00C23A83 /* IAP */;
			targetProxy = FC813DDE1BB3808D00C23A83 /* PBXContainerItemProxy */;
		};
/* End PBXTargetDependency section */

/* Begin PBXVariantGroup section */
		FC813DD11BB3808D00C23A83 /* Main.storyboard */ = {
			isa = PBXVariantGroup;
			children = (
				FC813DD21BB3808D00C23A83 /* Base */,
			);
			name = Main.storyboard;
			sourceTree = "<group>";
		};
		FC813DD61BB3808D00C23A83 /* LaunchScreen.xib */ = {
			isa = PBXVariantGroup;
			children = (
				FC813DD71BB3808D00C23A83 /* Base */,
			);
			name = LaunchScreen.xib;
			sourceTree = "<group>";
		};
/* End PBXVariantGroup section */

/* Begin XCBuildConfiguration section */
		FC813DE51BB3808D00C23A83 /* Debug */ = {
			isa = XCBuildConfiguration;
			buildSettings = {
				ALWAYS_SEARCH_USER_PATHS = NO;
				CLANG_CXX_LANGUAGE_STANDARD = "gnu++0x";
				CLANG_CXX_LIBRARY = "libc++";
				CLANG_ENABLE_MODULES = YES;
				CLANG_ENABLE_OBJC_ARC = YES;
				CLANG_WARN_BOOL_CONVERSION = YES;
				CLANG_WARN_CONSTANT_CONVERSION = YES;
				CLANG_WARN_DIRECT_OBJC_ISA_USAGE = YES_ERROR;
				CLANG_WARN_EMPTY_BODY = YES;
				CLANG_WARN_ENUM_CONVERSION = YES;
				CLANG_WARN_INT_CONVERSION = YES;
				CLANG_WARN_OBJC_ROOT_CLASS = YES_ERROR;
				CLANG_WARN_UNREACHABLE_CODE = YES;
				CLANG_WARN__DUPLICATE_METHOD_MATCH = YES;
				"CODE_SIGN_IDENTITY[sdk=iphoneos*]" = "iPhone Developer";
				COPY_PHASE_STRIP = NO;
				DEBUG_INFORMATION_FORMAT = "dwarf-with-dsym";
				ENABLE_STRICT_OBJC_MSGSEND = YES;
				GCC_C_LANGUAGE_STANDARD = gnu99;
				GCC_DYNAMIC_NO_PIC = NO;
				GCC_NO_COMMON_BLOCKS = YES;
				GCC_OPTIMIZATION_LEVEL = 0;
				GCC_PREPROCESSOR_DEFINITIONS = (
					"DEBUG=1",
					"$(inherited)",
				);
				GCC_SYMBOLS_PRIVATE_EXTERN = NO;
				GCC_WARN_64_TO_32_BIT_CONVERSION = YES;
				GCC_WARN_ABOUT_RETURN_TYPE = YES_ERROR;
				GCC_WARN_UNDECLARED_SELECTOR = YES;
				GCC_WARN_UNINITIALIZED_AUTOS = YES_AGGRESSIVE;
				GCC_WARN_UNUSED_FUNCTION = YES;
				GCC_WARN_UNUSED_VARIABLE = YES;
				IPHONEOS_DEPLOYMENT_TARGET = 8.4;
				MTL_ENABLE_DEBUG_INFO = YES;
				ONLY_ACTIVE_ARCH = YES;
				SDKROOT = iphoneos;
			};
			name = Debug;
		};
		FC813DE61BB3808D00C23A83 /* Release */ = {
			isa = XCBuildConfiguration;
			buildSettings = {
				ALWAYS_SEARCH_USER_PATHS = NO;
				CLANG_CXX_LANGUAGE_STANDARD = "gnu++0x";
				CLANG_CXX_LIBRARY = "libc++";
				CLANG_ENABLE_MODULES = YES;
				CLANG_ENABLE_OBJC_ARC = YES;
				CLANG_WARN_BOOL_CONVERSION = YES;
				CLANG_WARN_CONSTANT_CONVERSION = YES;
				CLANG_WARN_DIRECT_OBJC_ISA_USAGE = YES_ERROR;
				CLANG_WARN_EMPTY_BODY = YES;
				CLANG_WARN_ENUM_CONVERSION = YES;
				CLANG_WARN_INT_CONVERSION = YES;
				CLANG_WARN_OBJC_ROOT_CLASS = YES_ERROR;
				CLANG_WARN_UNREACHABLE_CODE = YES;
				CLANG_WARN__DUPLICATE_METHOD_MATCH = YES;
				"CODE_SIGN_IDENTITY[sdk=iphoneos*]" = "iPhone Developer";
				COPY_PHASE_STRIP = NO;
				DEBUG_INFORMATION_FORMAT = "dwarf-with-dsym";
				ENABLE_NS_ASSERTIONS = NO;
				ENABLE_STRICT_OBJC_MSGSEND = YES;
				GCC_C_LANGUAGE_STANDARD = gnu99;
				GCC_NO_COMMON_BLOCKS = YES;
				GCC_WARN_64_TO_32_BIT_CONVERSION = YES;
				GCC_WARN_ABOUT_RETURN_TYPE = YES_ERROR;
				GCC_WARN_UNDECLARED_SELECTOR = YES;
				GCC_WARN_UNINITIALIZED_AUTOS = YES_AGGRESSIVE;
				GCC_WARN_UNUSED_FUNCTION = YES;
				GCC_WARN_UNUSED_VARIABLE = YES;
				IPHONEOS_DEPLOYMENT_TARGET = 8.4;
				MTL_ENABLE_DEBUG_INFO = NO;
				SDKROOT = iphoneos;
				VALIDATE_PRODUCT = YES;
			};
			name = Release;
		};
		FC813DE81BB3808D00C23A83 /* Debug */ = {
			isa = XCBuildConfiguration;
			buildSettings = {
				ASSETCATALOG_COMPILER_APPICON_NAME = AppIcon;
				INFOPLIST_FILE = IAP/Info.plist;
				LD_RUNPATH_SEARCH_PATHS = "$(inherited) @executable_path/Frameworks";
				PRODUCT_NAME = "$(TARGET_NAME)";
				PROVISIONING_PROFILE = "e22cb51a-13a9-4880-bd13-3949a0e8b416";
			};
			name = Debug;
		};
		FC813DE91BB3808D00C23A83 /* Release */ = {
			isa = XCBuildConfiguration;
			buildSettings = {
				ASSETCATALOG_COMPILER_APPICON_NAME = AppIcon;
				INFOPLIST_FILE = IAP/Info.plist;
				LD_RUNPATH_SEARCH_PATHS = "$(inherited) @executable_path/Frameworks";
				PRODUCT_NAME = "$(TARGET_NAME)";
				PROVISIONING_PROFILE = "e22cb51a-13a9-4880-bd13-3949a0e8b416";
			};
			name = Release;
		};
		FC813DEB1BB3808D00C23A83 /* Debug */ = {
			isa = XCBuildConfiguration;
			buildSettings = {
				BUNDLE_LOADER = "$(TEST_HOST)";
				FRAMEWORK_SEARCH_PATHS = (
					"$(SDKROOT)/Developer/Library/Frameworks",
					"$(inherited)",
				);
				GCC_PREPROCESSOR_DEFINITIONS = (
					"DEBUG=1",
					"$(inherited)",
				);
				INFOPLIST_FILE = IAPTests/Info.plist;
				LD_RUNPATH_SEARCH_PATHS = "$(inherited) @executable_path/Frameworks @loader_path/Frameworks";
				PRODUCT_NAME = "$(TARGET_NAME)";
				TEST_HOST = "$(BUILT_PRODUCTS_DIR)/IAP.app/IAP";
			};
			name = Debug;
		};
		FC813DEC1BB3808D00C23A83 /* Release */ = {
			isa = XCBuildConfiguration;
			buildSettings = {
				BUNDLE_LOADER = "$(TEST_HOST)";
				FRAMEWORK_SEARCH_PATHS = (
					"$(SDKROOT)/Developer/Library/Frameworks",
					"$(inherited)",
				);
				INFOPLIST_FILE = IAPTests/Info.plist;
				LD_RUNPATH_SEARCH_PATHS = "$(inherited) @executable_path/Frameworks @loader_path/Frameworks";
				PRODUCT_NAME = "$(TARGET_NAME)";
				TEST_HOST = "$(BUILT_PRODUCTS_DIR)/IAP.app/IAP";
			};
			name = Release;
		};
/* End XCBuildConfiguration section */

/* Begin XCConfigurationList section */
		FC813DBF1BB3808D00C23A83 /* Build configuration list for PBXProject "IAP" */ = {
			isa = XCConfigurationList;
			buildConfigurations = (
				FC813DE51BB3808D00C23A83 /* Debug */,
				FC813DE61BB3808D00C23A83 /* Release */,
			);
			defaultConfigurationIsVisible = 0;
			defaultConfigurationName = Release;
		};
		FC813DE71BB3808D00C23A83 /* Build configuration list for PBXNativeTarget "IAP" */ = {
			isa = XCConfigurationList;
			buildConfigurations = (
				FC813DE81BB3808D00C23A83 /* Debug */,
				FC813DE91BB3808D00C23A83 /* Release */,
			);
			defaultConfigurationIsVisible = 0;
			defaultConfigurationName = Release;
		};
		FC813DEA1BB3808D00C23A83 /* Build configuration list for PBXNativeTarget "IAPTests" */ = {
			isa = XCConfigurationList;
			buildConfigurations = (
				FC813DEB1BB3808D00C23A83 /* Debug */,
				FC813DEC1BB3808D00C23A83 /* Release */,
			);
			defaultConfigurationIsVisible = 0;
			defaultConfigurationName = Release;
		};
/* End XCConfigurationList section */
	};
	rootObject = FC813DBC1BB3808D00C23A83 /* Project object */;
}
